// !$*UTF8*$!
{
	archiveVersion = 1;
	classes = {
	};
	objectVersion = 48;
	objects = {

/* Begin PBXBuildFile section */
		261189981F8A058A009870E7 /* QRViewController.swift in Sources */ = {isa = PBXBuildFile; fileRef = 261189971F8A058A009870E7 /* QRViewController.swift */; };
		2611899C1F8A1698009870E7 /* SecondQRViewController.swift in Sources */ = {isa = PBXBuildFile; fileRef = 2611899B1F8A1698009870E7 /* SecondQRViewController.swift */; };
		79735CE1877D1DE934F9DE31 /* Pods_MyToyota.framework in Frameworks */ = {isa = PBXBuildFile; fileRef = 7178A8383F9CDCB9EFFF680B /* Pods_MyToyota.framework */; };
		AC6ACB3F1F895AC4007417F4 /* AppDelegate.swift in Sources */ = {isa = PBXBuildFile; fileRef = AC6ACB3E1F895AC4007417F4 /* AppDelegate.swift */; };
		AC6ACB411F895AC4007417F4 /* ViewController.swift in Sources */ = {isa = PBXBuildFile; fileRef = AC6ACB401F895AC4007417F4 /* ViewController.swift */; };
		AC6ACB441F895AC4007417F4 /* Main.storyboard in Resources */ = {isa = PBXBuildFile; fileRef = AC6ACB421F895AC4007417F4 /* Main.storyboard */; };
		AC6ACB461F895AC4007417F4 /* Assets.xcassets in Resources */ = {isa = PBXBuildFile; fileRef = AC6ACB451F895AC4007417F4 /* Assets.xcassets */; };
		AC6ACB491F895AC4007417F4 /* LaunchScreen.storyboard in Resources */ = {isa = PBXBuildFile; fileRef = AC6ACB471F895AC4007417F4 /* LaunchScreen.storyboard */; };
		AC6ACB541F895AC4007417F4 /* MyToyotaTests.swift in Sources */ = {isa = PBXBuildFile; fileRef = AC6ACB531F895AC4007417F4 /* MyToyotaTests.swift */; };
		AC6ACB5F1F895AC4007417F4 /* MyToyotaUITests.swift in Sources */ = {isa = PBXBuildFile; fileRef = AC6ACB5E1F895AC4007417F4 /* MyToyotaUITests.swift */; };
/* End PBXBuildFile section */

/* Begin PBXContainerItemProxy section */
		AC6ACB501F895AC4007417F4 /* PBXContainerItemProxy */ = {
			isa = PBXContainerItemProxy;
			containerPortal = AC6ACB331F895AC4007417F4 /* Project object */;
			proxyType = 1;
			remoteGlobalIDString = AC6ACB3A1F895AC4007417F4;
			remoteInfo = MyToyota;
		};
		AC6ACB5B1F895AC4007417F4 /* PBXContainerItemProxy */ = {
			isa = PBXContainerItemProxy;
			containerPortal = AC6ACB331F895AC4007417F4 /* Project object */;
			proxyType = 1;
			remoteGlobalIDString = AC6ACB3A1F895AC4007417F4;
			remoteInfo = MyToyota;
		};
/* End PBXContainerItemProxy section */

/* Begin PBXFileReference section */
		261189971F8A058A009870E7 /* QRViewController.swift */ = {isa = PBXFileReference; lastKnownFileType = sourcecode.swift; path = QRViewController.swift; sourceTree = "<group>"; };
		2611899B1F8A1698009870E7 /* SecondQRViewController.swift */ = {isa = PBXFileReference; lastKnownFileType = sourcecode.swift; path = SecondQRViewController.swift; sourceTree = "<group>"; };
		26FC21AB1F89F63C0076B4B3 /* EFQRCode.framework */ = {isa = PBXFileReference; explicitFileType = wrapper.framework; path = EFQRCode.framework; sourceTree = BUILT_PRODUCTS_DIR; };
		7178A8383F9CDCB9EFFF680B /* Pods_MyToyota.framework */ = {isa = PBXFileReference; explicitFileType = wrapper.framework; includeInIndex = 0; path = Pods_MyToyota.framework; sourceTree = BUILT_PRODUCTS_DIR; };
		8B820ABD2C8E27FADB1B9524 /* Pods-MyToyota.debug.xcconfig */ = {isa = PBXFileReference; includeInIndex = 1; lastKnownFileType = text.xcconfig; name = "Pods-MyToyota.debug.xcconfig"; path = "Pods/Target Support Files/Pods-MyToyota/Pods-MyToyota.debug.xcconfig"; sourceTree = "<group>"; };
		AC6ACB3B1F895AC4007417F4 /* MyToyota.app */ = {isa = PBXFileReference; explicitFileType = wrapper.application; includeInIndex = 0; path = MyToyota.app; sourceTree = BUILT_PRODUCTS_DIR; };
		AC6ACB3E1F895AC4007417F4 /* AppDelegate.swift */ = {isa = PBXFileReference; lastKnownFileType = sourcecode.swift; path = AppDelegate.swift; sourceTree = "<group>"; };
		AC6ACB401F895AC4007417F4 /* ViewController.swift */ = {isa = PBXFileReference; lastKnownFileType = sourcecode.swift; path = ViewController.swift; sourceTree = "<group>"; };
		AC6ACB431F895AC4007417F4 /* Base */ = {isa = PBXFileReference; lastKnownFileType = file.storyboard; name = Base; path = Base.lproj/Main.storyboard; sourceTree = "<group>"; };
		AC6ACB451F895AC4007417F4 /* Assets.xcassets */ = {isa = PBXFileReference; lastKnownFileType = folder.assetcatalog; path = Assets.xcassets; sourceTree = "<group>"; };
		AC6ACB481F895AC4007417F4 /* Base */ = {isa = PBXFileReference; lastKnownFileType = file.storyboard; name = Base; path = Base.lproj/LaunchScreen.storyboard; sourceTree = "<group>"; };
		AC6ACB4A1F895AC4007417F4 /* Info.plist */ = {isa = PBXFileReference; lastKnownFileType = text.plist.xml; path = Info.plist; sourceTree = "<group>"; };
		AC6ACB4F1F895AC4007417F4 /* MyToyotaTests.xctest */ = {isa = PBXFileReference; explicitFileType = wrapper.cfbundle; includeInIndex = 0; path = MyToyotaTests.xctest; sourceTree = BUILT_PRODUCTS_DIR; };
		AC6ACB531F895AC4007417F4 /* MyToyotaTests.swift */ = {isa = PBXFileReference; lastKnownFileType = sourcecode.swift; path = MyToyotaTests.swift; sourceTree = "<group>"; };
		AC6ACB551F895AC4007417F4 /* Info.plist */ = {isa = PBXFileReference; lastKnownFileType = text.plist.xml; path = Info.plist; sourceTree = "<group>"; };
		AC6ACB5A1F895AC4007417F4 /* MyToyotaUITests.xctest */ = {isa = PBXFileReference; explicitFileType = wrapper.cfbundle; includeInIndex = 0; path = MyToyotaUITests.xctest; sourceTree = BUILT_PRODUCTS_DIR; };
		AC6ACB5E1F895AC4007417F4 /* MyToyotaUITests.swift */ = {isa = PBXFileReference; lastKnownFileType = sourcecode.swift; path = MyToyotaUITests.swift; sourceTree = "<group>"; };
		AC6ACB601F895AC4007417F4 /* Info.plist */ = {isa = PBXFileReference; lastKnownFileType = text.plist.xml; path = Info.plist; sourceTree = "<group>"; };
		E33EBAFD3D7BA07B17BEC825 /* Pods-MyToyota.release.xcconfig */ = {isa = PBXFileReference; includeInIndex = 1; lastKnownFileType = text.xcconfig; name = "Pods-MyToyota.release.xcconfig"; path = "Pods/Target Support Files/Pods-MyToyota/Pods-MyToyota.release.xcconfig"; sourceTree = "<group>"; };
/* End PBXFileReference section */

/* Begin PBXFrameworksBuildPhase section */
		AC6ACB381F895AC4007417F4 /* Frameworks */ = {
			isa = PBXFrameworksBuildPhase;
			buildActionMask = 2147483647;
			files = (
				79735CE1877D1DE934F9DE31 /* Pods_MyToyota.framework in Frameworks */,
			);
			runOnlyForDeploymentPostprocessing = 0;
		};
		AC6ACB4C1F895AC4007417F4 /* Frameworks */ = {
			isa = PBXFrameworksBuildPhase;
			buildActionMask = 2147483647;
			files = (
			);
			runOnlyForDeploymentPostprocessing = 0;
		};
		AC6ACB571F895AC4007417F4 /* Frameworks */ = {
			isa = PBXFrameworksBuildPhase;
			buildActionMask = 2147483647;
			files = (
			);
			runOnlyForDeploymentPostprocessing = 0;
		};
/* End PBXFrameworksBuildPhase section */

/* Begin PBXGroup section */
		0D5E58F0D5F44708078C4E69 /* Frameworks */ = {
			isa = PBXGroup;
			children = (
				26FC21AB1F89F63C0076B4B3 /* EFQRCode.framework */,
				7178A8383F9CDCB9EFFF680B /* Pods_MyToyota.framework */,
			);
			name = Frameworks;
			sourceTree = "<group>";
		};
		40E75AA6CFAC4F063A1DE27C /* Pods */ = {
			isa = PBXGroup;
			children = (
				8B820ABD2C8E27FADB1B9524 /* Pods-MyToyota.debug.xcconfig */,
				E33EBAFD3D7BA07B17BEC825 /* Pods-MyToyota.release.xcconfig */,
			);
			name = Pods;
			sourceTree = "<group>";
		};
		AC6ACB321F895AC4007417F4 = {
			isa = PBXGroup;
			children = (
				AC6ACB3D1F895AC4007417F4 /* MyToyota */,
				AC6ACB521F895AC4007417F4 /* MyToyotaTests */,
				AC6ACB5D1F895AC4007417F4 /* MyToyotaUITests */,
				AC6ACB3C1F895AC4007417F4 /* Products */,
				40E75AA6CFAC4F063A1DE27C /* Pods */,
				0D5E58F0D5F44708078C4E69 /* Frameworks */,
			);
			sourceTree = "<group>";
		};
		AC6ACB3C1F895AC4007417F4 /* Products */ = {
			isa = PBXGroup;
			children = (
				AC6ACB3B1F895AC4007417F4 /* MyToyota.app */,
				AC6ACB4F1F895AC4007417F4 /* MyToyotaTests.xctest */,
				AC6ACB5A1F895AC4007417F4 /* MyToyotaUITests.xctest */,
			);
			name = Products;
			sourceTree = "<group>";
		};
		AC6ACB3D1F895AC4007417F4 /* MyToyota */ = {
			isa = PBXGroup;
			children = (
				AC6ACB3E1F895AC4007417F4 /* AppDelegate.swift */,
				AC6ACB401F895AC4007417F4 /* ViewController.swift */,
				AC6ACB421F895AC4007417F4 /* Main.storyboard */,
				AC6ACB451F895AC4007417F4 /* Assets.xcassets */,
				AC6ACB471F895AC4007417F4 /* LaunchScreen.storyboard */,
				AC6ACB4A1F895AC4007417F4 /* Info.plist */,
				261189971F8A058A009870E7 /* QRViewController.swift */,
				2611899B1F8A1698009870E7 /* SecondQRViewController.swift */,
			);
			path = MyToyota;
			sourceTree = "<group>";
		};
		AC6ACB521F895AC4007417F4 /* MyToyotaTests */ = {
			isa = PBXGroup;
			children = (
				AC6ACB531F895AC4007417F4 /* MyToyotaTests.swift */,
				AC6ACB551F895AC4007417F4 /* Info.plist */,
			);
			path = MyToyotaTests;
			sourceTree = "<group>";
		};
		AC6ACB5D1F895AC4007417F4 /* MyToyotaUITests */ = {
			isa = PBXGroup;
			children = (
				AC6ACB5E1F895AC4007417F4 /* MyToyotaUITests.swift */,
				AC6ACB601F895AC4007417F4 /* Info.plist */,
			);
			path = MyToyotaUITests;
			sourceTree = "<group>";
		};
/* End PBXGroup section */

/* Begin PBXNativeTarget section */
		AC6ACB3A1F895AC4007417F4 /* MyToyota */ = {
			isa = PBXNativeTarget;
			buildConfigurationList = AC6ACB631F895AC4007417F4 /* Build configuration list for PBXNativeTarget "MyToyota" */;
			buildPhases = (
				536BDC96320225C0984FE69C /* [CP] Check Pods Manifest.lock */,
				AC6ACB371F895AC4007417F4 /* Sources */,
				AC6ACB381F895AC4007417F4 /* Frameworks */,
				AC6ACB391F895AC4007417F4 /* Resources */,
				EDA9A0C4F4ACC2153820A9DB /* [CP] Embed Pods Frameworks */,
				D99440A82EDC1039FFC6FE9E /* [CP] Copy Pods Resources */,
				26FC21AD1F89F6960076B4B3 /* ShellScript */,
			);
			buildRules = (
			);
			dependencies = (
			);
			name = MyToyota;
			productName = MyToyota;
			productReference = AC6ACB3B1F895AC4007417F4 /* MyToyota.app */;
			productType = "com.apple.product-type.application";
		};
		AC6ACB4E1F895AC4007417F4 /* MyToyotaTests */ = {
			isa = PBXNativeTarget;
			buildConfigurationList = AC6ACB661F895AC4007417F4 /* Build configuration list for PBXNativeTarget "MyToyotaTests" */;
			buildPhases = (
				AC6ACB4B1F895AC4007417F4 /* Sources */,
				AC6ACB4C1F895AC4007417F4 /* Frameworks */,
				AC6ACB4D1F895AC4007417F4 /* Resources */,
			);
			buildRules = (
			);
			dependencies = (
				AC6ACB511F895AC4007417F4 /* PBXTargetDependency */,
			);
			name = MyToyotaTests;
			productName = MyToyotaTests;
			productReference = AC6ACB4F1F895AC4007417F4 /* MyToyotaTests.xctest */;
			productType = "com.apple.product-type.bundle.unit-test";
		};
		AC6ACB591F895AC4007417F4 /* MyToyotaUITests */ = {
			isa = PBXNativeTarget;
			buildConfigurationList = AC6ACB691F895AC4007417F4 /* Build configuration list for PBXNativeTarget "MyToyotaUITests" */;
			buildPhases = (
				AC6ACB561F895AC4007417F4 /* Sources */,
				AC6ACB571F895AC4007417F4 /* Frameworks */,
				AC6ACB581F895AC4007417F4 /* Resources */,
			);
			buildRules = (
			);
			dependencies = (
				AC6ACB5C1F895AC4007417F4 /* PBXTargetDependency */,
			);
			name = MyToyotaUITests;
			productName = MyToyotaUITests;
			productReference = AC6ACB5A1F895AC4007417F4 /* MyToyotaUITests.xctest */;
			productType = "com.apple.product-type.bundle.ui-testing";
		};
/* End PBXNativeTarget section */

/* Begin PBXProject section */
		AC6ACB331F895AC4007417F4 /* Project object */ = {
			isa = PBXProject;
			attributes = {
				LastSwiftUpdateCheck = 0900;
				LastUpgradeCheck = 0900;
				ORGANIZATIONNAME = "Biased Life";
				TargetAttributes = {
					AC6ACB3A1F895AC4007417F4 = {
						CreatedOnToolsVersion = 9.0;
						ProvisioningStyle = Automatic;
					};
					AC6ACB4E1F895AC4007417F4 = {
						CreatedOnToolsVersion = 9.0;
						ProvisioningStyle = Automatic;
						TestTargetID = AC6ACB3A1F895AC4007417F4;
					};
					AC6ACB591F895AC4007417F4 = {
						CreatedOnToolsVersion = 9.0;
						ProvisioningStyle = Automatic;
						TestTargetID = AC6ACB3A1F895AC4007417F4;
					};
				};
			};
			buildConfigurationList = AC6ACB361F895AC4007417F4 /* Build configuration list for PBXProject "MyToyota" */;
			compatibilityVersion = "Xcode 8.0";
			developmentRegion = en;
			hasScannedForEncodings = 0;
			knownRegions = (
				en,
				Base,
			);
			mainGroup = AC6ACB321F895AC4007417F4;
			productRefGroup = AC6ACB3C1F895AC4007417F4 /* Products */;
			projectDirPath = "";
			projectRoot = "";
			targets = (
				AC6ACB3A1F895AC4007417F4 /* MyToyota */,
				AC6ACB4E1F895AC4007417F4 /* MyToyotaTests */,
				AC6ACB591F895AC4007417F4 /* MyToyotaUITests */,
			);
		};
/* End PBXProject section */

/* Begin PBXResourcesBuildPhase section */
		AC6ACB391F895AC4007417F4 /* Resources */ = {
			isa = PBXResourcesBuildPhase;
			buildActionMask = 2147483647;
			files = (
				AC6ACB491F895AC4007417F4 /* LaunchScreen.storyboard in Resources */,
				AC6ACB461F895AC4007417F4 /* Assets.xcassets in Resources */,
				AC6ACB441F895AC4007417F4 /* Main.storyboard in Resources */,
			);
			runOnlyForDeploymentPostprocessing = 0;
		};
		AC6ACB4D1F895AC4007417F4 /* Resources */ = {
			isa = PBXResourcesBuildPhase;
			buildActionMask = 2147483647;
			files = (
			);
			runOnlyForDeploymentPostprocessing = 0;
		};
		AC6ACB581F895AC4007417F4 /* Resources */ = {
			isa = PBXResourcesBuildPhase;
			buildActionMask = 2147483647;
			files = (
			);
			runOnlyForDeploymentPostprocessing = 0;
		};
/* End PBXResourcesBuildPhase section */

/* Begin PBXShellScriptBuildPhase section */
		26FC21AD1F89F6960076B4B3 /* ShellScript */ = {
			isa = PBXShellScriptBuildPhase;
			buildActionMask = 2147483647;
			files = (
			);
			inputPaths = (
				"$(SRCROOT)/Carthage/Build/iOS/EFQRCode.framework",
			);
			outputPaths = (
			);
			runOnlyForDeploymentPostprocessing = 0;
			shellPath = /bin/sh;
			shellScript = "/usr/local/bin/carthage copy-frameworks";
		};
		536BDC96320225C0984FE69C /* [CP] Check Pods Manifest.lock */ = {
			isa = PBXShellScriptBuildPhase;
			buildActionMask = 2147483647;
			files = (
			);
			inputPaths = (
				"${PODS_PODFILE_DIR_PATH}/Podfile.lock",
				"${PODS_ROOT}/Manifest.lock",
			);
			name = "[CP] Check Pods Manifest.lock";
			outputPaths = (
				"$(DERIVED_FILE_DIR)/Pods-MyToyota-checkManifestLockResult.txt",
			);
			runOnlyForDeploymentPostprocessing = 0;
			shellPath = /bin/sh;
			shellScript = "diff \"${PODS_PODFILE_DIR_PATH}/Podfile.lock\" \"${PODS_ROOT}/Manifest.lock\" > /dev/null\nif [ $? != 0 ] ; then\n    # print error to STDERR\n    echo \"error: The sandbox is not in sync with the Podfile.lock. Run 'pod install' or update your CocoaPods installation.\" >&2\n    exit 1\nfi\n# This output is used by Xcode 'outputs' to avoid re-running this script phase.\necho \"SUCCESS\" > \"${SCRIPT_OUTPUT_FILE_0}\"\n";
			showEnvVarsInLog = 0;
		};
		D99440A82EDC1039FFC6FE9E /* [CP] Copy Pods Resources */ = {
			isa = PBXShellScriptBuildPhase;
			buildActionMask = 2147483647;
			files = (
			);
			inputPaths = (
			);
			name = "[CP] Copy Pods Resources";
			outputPaths = (
			);
			runOnlyForDeploymentPostprocessing = 0;
			shellPath = /bin/sh;
			shellScript = "\"${SRCROOT}/Pods/Target Support Files/Pods-MyToyota/Pods-MyToyota-resources.sh\"\n";
			showEnvVarsInLog = 0;
		};
		EDA9A0C4F4ACC2153820A9DB /* [CP] Embed Pods Frameworks */ = {
			isa = PBXShellScriptBuildPhase;
			buildActionMask = 2147483647;
			files = (
			);
			inputPaths = (
				"${SRCROOT}/Pods/Target Support Files/Pods-MyToyota/Pods-MyToyota-frameworks.sh",
				"${BUILT_PRODUCTS_DIR}/Alamofire/Alamofire.framework",
				"${BUILT_PRODUCTS_DIR}/FlexibleSteppedProgressBar/FlexibleSteppedProgressBar.framework",
				"${BUILT_PRODUCTS_DIR}/QRCodeReader.swift/QRCodeReader.framework",
			);
			name = "[CP] Embed Pods Frameworks";
			outputPaths = (
				"${TARGET_BUILD_DIR}/${FRAMEWORKS_FOLDER_PATH}/Alamofire.framework",
				"${TARGET_BUILD_DIR}/${FRAMEWORKS_FOLDER_PATH}/FlexibleSteppedProgressBar.framework",
				"${TARGET_BUILD_DIR}/${FRAMEWORKS_FOLDER_PATH}/QRCodeReader.framework",
			);
			runOnlyForDeploymentPostprocessing = 0;
			shellPath = /bin/sh;
			shellScript = "\"${SRCROOT}/Pods/Target Support Files/Pods-MyToyota/Pods-MyToyota-frameworks.sh\"\n";
			showEnvVarsInLog = 0;
		};
/* End PBXShellScriptBuildPhase section */

/* Begin PBXSourcesBuildPhase section */
		AC6ACB371F895AC4007417F4 /* Sources */ = {
			isa = PBXSourcesBuildPhase;
			buildActionMask = 2147483647;
			files = (
				AC6ACB411F895AC4007417F4 /* ViewController.swift in Sources */,
				2611899C1F8A1698009870E7 /* SecondQRViewController.swift in Sources */,
				AC6ACB3F1F895AC4007417F4 /* AppDelegate.swift in Sources */,
				261189981F8A058A009870E7 /* QRViewController.swift in Sources */,
			);
			runOnlyForDeploymentPostprocessing = 0;
		};
		AC6ACB4B1F895AC4007417F4 /* Sources */ = {
			isa = PBXSourcesBuildPhase;
			buildActionMask = 2147483647;
			files = (
				AC6ACB541F895AC4007417F4 /* MyToyotaTests.swift in Sources */,
			);
			runOnlyForDeploymentPostprocessing = 0;
		};
		AC6ACB561F895AC4007417F4 /* Sources */ = {
			isa = PBXSourcesBuildPhase;
			buildActionMask = 2147483647;
			files = (
				AC6ACB5F1F895AC4007417F4 /* MyToyotaUITests.swift in Sources */,
			);
			runOnlyForDeploymentPostprocessing = 0;
		};
/* End PBXSourcesBuildPhase section */

/* Begin PBXTargetDependency section */
		AC6ACB511F895AC4007417F4 /* PBXTargetDependency */ = {
			isa = PBXTargetDependency;
			target = AC6ACB3A1F895AC4007417F4 /* MyToyota */;
			targetProxy = AC6ACB501F895AC4007417F4 /* PBXContainerItemProxy */;
		};
		AC6ACB5C1F895AC4007417F4 /* PBXTargetDependency */ = {
			isa = PBXTargetDependency;
			target = AC6ACB3A1F895AC4007417F4 /* MyToyota */;
			targetProxy = AC6ACB5B1F895AC4007417F4 /* PBXContainerItemProxy */;
		};
/* End PBXTargetDependency section */

/* Begin PBXVariantGroup section */
		AC6ACB421F895AC4007417F4 /* Main.storyboard */ = {
			isa = PBXVariantGroup;
			children = (
				AC6ACB431F895AC4007417F4 /* Base */,
			);
			name = Main.storyboard;
			sourceTree = "<group>";
		};
		AC6ACB471F895AC4007417F4 /* LaunchScreen.storyboard */ = {
			isa = PBXVariantGroup;
			children = (
				AC6ACB481F895AC4007417F4 /* Base */,
			);
			name = LaunchScreen.storyboard;
			sourceTree = "<group>";
		};
/* End PBXVariantGroup section */

/* Begin XCBuildConfiguration section */
		AC6ACB611F895AC4007417F4 /* Debug */ = {
			isa = XCBuildConfiguration;
			buildSettings = {
				ALWAYS_SEARCH_USER_PATHS = NO;
				CLANG_ANALYZER_NONNULL = YES;
				CLANG_ANALYZER_NUMBER_OBJECT_CONVERSION = YES_AGGRESSIVE;
				CLANG_CXX_LANGUAGE_STANDARD = "gnu++14";
				CLANG_CXX_LIBRARY = "libc++";
				CLANG_ENABLE_MODULES = YES;
				CLANG_ENABLE_OBJC_ARC = YES;
				CLANG_WARN_BLOCK_CAPTURE_AUTORELEASING = YES;
				CLANG_WARN_BOOL_CONVERSION = YES;
				CLANG_WARN_COMMA = YES;
				CLANG_WARN_CONSTANT_CONVERSION = YES;
				CLANG_WARN_DIRECT_OBJC_ISA_USAGE = YES_ERROR;
				CLANG_WARN_DOCUMENTATION_COMMENTS = YES;
				CLANG_WARN_EMPTY_BODY = YES;
				CLANG_WARN_ENUM_CONVERSION = YES;
				CLANG_WARN_INFINITE_RECURSION = YES;
				CLANG_WARN_INT_CONVERSION = YES;
				CLANG_WARN_NON_LITERAL_NULL_CONVERSION = YES;
				CLANG_WARN_OBJC_LITERAL_CONVERSION = YES;
				CLANG_WARN_OBJC_ROOT_CLASS = YES_ERROR;
				CLANG_WARN_RANGE_LOOP_ANALYSIS = YES;
				CLANG_WARN_STRICT_PROTOTYPES = YES;
				CLANG_WARN_SUSPICIOUS_MOVE = YES;
				CLANG_WARN_UNGUARDED_AVAILABILITY = YES_AGGRESSIVE;
				CLANG_WARN_UNREACHABLE_CODE = YES;
				CLANG_WARN__DUPLICATE_METHOD_MATCH = YES;
				CODE_SIGN_IDENTITY = "iPhone Developer";
				COPY_PHASE_STRIP = NO;
				DEBUG_INFORMATION_FORMAT = dwarf;
				ENABLE_STRICT_OBJC_MSGSEND = YES;
				ENABLE_TESTABILITY = YES;
				GCC_C_LANGUAGE_STANDARD = gnu11;
				GCC_DYNAMIC_NO_PIC = NO;
				GCC_NO_COMMON_BLOCKS = YES;
				GCC_OPTIMIZATION_LEVEL = 0;
				GCC_PREPROCESSOR_DEFINITIONS = (
					"DEBUG=1",
					"$(inherited)",
				);
				GCC_WARN_64_TO_32_BIT_CONVERSION = YES;
				GCC_WARN_ABOUT_RETURN_TYPE = YES_ERROR;
				GCC_WARN_UNDECLARED_SELECTOR = YES;
				GCC_WARN_UNINITIALIZED_AUTOS = YES_AGGRESSIVE;
				GCC_WARN_UNUSED_FUNCTION = YES;
				GCC_WARN_UNUSED_VARIABLE = YES;
				IPHONEOS_DEPLOYMENT_TARGET = 11.0;
				MTL_ENABLE_DEBUG_INFO = YES;
				ONLY_ACTIVE_ARCH = YES;
				SDKROOT = iphoneos;
				SWIFT_ACTIVE_COMPILATION_CONDITIONS = DEBUG;
				SWIFT_OPTIMIZATION_LEVEL = "-Onone";
			};
			name = Debug;
		};
		AC6ACB621F895AC4007417F4 /* Release */ = {
			isa = XCBuildConfiguration;
			buildSettings = {
				ALWAYS_SEARCH_USER_PATHS = NO;
				CLANG_ANALYZER_NONNULL = YES;
				CLANG_ANALYZER_NUMBER_OBJECT_CONVERSION = YES_AGGRESSIVE;
				CLANG_CXX_LANGUAGE_STANDARD = "gnu++14";
				CLANG_CXX_LIBRARY = "libc++";
				CLANG_ENABLE_MODULES = YES;
				CLANG_ENABLE_OBJC_ARC = YES;
				CLANG_WARN_BLOCK_CAPTURE_AUTORELEASING = YES;
				CLANG_WARN_BOOL_CONVERSION = YES;
				CLANG_WARN_COMMA = YES;
				CLANG_WARN_CONSTANT_CONVERSION = YES;
				CLANG_WARN_DIRECT_OBJC_ISA_USAGE = YES_ERROR;
				CLANG_WARN_DOCUMENTATION_COMMENTS = YES;
				CLANG_WARN_EMPTY_BODY = YES;
				CLANG_WARN_ENUM_CONVERSION = YES;
				CLANG_WARN_INFINITE_RECURSION = YES;
				CLANG_WARN_INT_CONVERSION = YES;
				CLANG_WARN_NON_LITERAL_NULL_CONVERSION = YES;
				CLANG_WARN_OBJC_LITERAL_CONVERSION = YES;
				CLANG_WARN_OBJC_ROOT_CLASS = YES_ERROR;
				CLANG_WARN_RANGE_LOOP_ANALYSIS = YES;
				CLANG_WARN_STRICT_PROTOTYPES = YES;
				CLANG_WARN_SUSPICIOUS_MOVE = YES;
				CLANG_WARN_UNGUARDED_AVAILABILITY = YES_AGGRESSIVE;
				CLANG_WARN_UNREACHABLE_CODE = YES;
				CLANG_WARN__DUPLICATE_METHOD_MATCH = YES;
				CODE_SIGN_IDENTITY = "iPhone Developer";
				COPY_PHASE_STRIP = NO;
				DEBUG_INFORMATION_FORMAT = "dwarf-with-dsym";
				ENABLE_NS_ASSERTIONS = NO;
				ENABLE_STRICT_OBJC_MSGSEND = YES;
				GCC_C_LANGUAGE_STANDARD = gnu11;
				GCC_NO_COMMON_BLOCKS = YES;
				GCC_WARN_64_TO_32_BIT_CONVERSION = YES;
				GCC_WARN_ABOUT_RETURN_TYPE = YES_ERROR;
				GCC_WARN_UNDECLARED_SELECTOR = YES;
				GCC_WARN_UNINITIALIZED_AUTOS = YES_AGGRESSIVE;
				GCC_WARN_UNUSED_FUNCTION = YES;
				GCC_WARN_UNUSED_VARIABLE = YES;
				IPHONEOS_DEPLOYMENT_TARGET = 11.0;
				MTL_ENABLE_DEBUG_INFO = NO;
				SDKROOT = iphoneos;
				SWIFT_OPTIMIZATION_LEVEL = "-Owholemodule";
				VALIDATE_PRODUCT = YES;
			};
			name = Release;
		};
		AC6ACB641F895AC4007417F4 /* Debug */ = {
			isa = XCBuildConfiguration;
			baseConfigurationReference = 8B820ABD2C8E27FADB1B9524 /* Pods-MyToyota.debug.xcconfig */;
			buildSettings = {
				ASSETCATALOG_COMPILER_APPICON_NAME = AppIcon;
				CODE_SIGN_STYLE = Automatic;
				DEVELOPMENT_TEAM = L8RMCCPV5X;
				INFOPLIST_FILE = MyToyota/Info.plist;
				LD_RUNPATH_SEARCH_PATHS = "$(inherited) @executable_path/Frameworks";
				PRODUCT_BUNDLE_IDENTIFIER = MyToyota;
				PRODUCT_NAME = "$(TARGET_NAME)";
				SWIFT_VERSION = 4.0;
				TARGETED_DEVICE_FAMILY = "1,2";
			};
			name = Debug;
		};
		AC6ACB651F895AC4007417F4 /* Release */ = {
			isa = XCBuildConfiguration;
			baseConfigurationReference = E33EBAFD3D7BA07B17BEC825 /* Pods-MyToyota.release.xcconfig */;
			buildSettings = {
				ASSETCATALOG_COMPILER_APPICON_NAME = AppIcon;
				CODE_SIGN_STYLE = Automatic;
				DEVELOPMENT_TEAM = L8RMCCPV5X;
				INFOPLIST_FILE = MyToyota/Info.plist;
				LD_RUNPATH_SEARCH_PATHS = "$(inherited) @executable_path/Frameworks";
				PRODUCT_BUNDLE_IDENTIFIER = MyToyota;
				PRODUCT_NAME = "$(TARGET_NAME)";
				SWIFT_VERSION = 4.0;
				TARGETED_DEVICE_FAMILY = "1,2";
			};
			name = Release;
		};
		AC6ACB671F895AC4007417F4 /* Debug */ = {
			isa = XCBuildConfiguration;
			buildSettings = {
				ALWAYS_EMBED_SWIFT_STANDARD_LIBRARIES = YES;
				BUNDLE_LOADER = "$(TEST_HOST)";
				CODE_SIGN_STYLE = Automatic;
				DEVELOPMENT_TEAM = W56AAY5GQU;
				INFOPLIST_FILE = MyToyotaTests/Info.plist;
				LD_RUNPATH_SEARCH_PATHS = "$(inherited) @executable_path/Frameworks @loader_path/Frameworks";
				PRODUCT_BUNDLE_IDENTIFIER = beSmart.MyToyotaTests;
				PRODUCT_NAME = "$(TARGET_NAME)";
				SWIFT_VERSION = 4.0;
				TARGETED_DEVICE_FAMILY = "1,2";
				TEST_HOST = "$(BUILT_PRODUCTS_DIR)/MyToyota.app/MyToyota";
			};
			name = Debug;
		};
		AC6ACB681F895AC4007417F4 /* Release */ = {
			isa = XCBuildConfiguration;
			buildSettings = {
				ALWAYS_EMBED_SWIFT_STANDARD_LIBRARIES = YES;
				BUNDLE_LOADER = "$(TEST_HOST)";
				CODE_SIGN_STYLE = Automatic;
				DEVELOPMENT_TEAM = W56AAY5GQU;
				INFOPLIST_FILE = MyToyotaTests/Info.plist;
				LD_RUNPATH_SEARCH_PATHS = "$(inherited) @executable_path/Frameworks @loader_path/Frameworks";
				PRODUCT_BUNDLE_IDENTIFIER = beSmart.MyToyotaTests;
				PRODUCT_NAME = "$(TARGET_NAME)";
				SWIFT_VERSION = 4.0;
				TARGETED_DEVICE_FAMILY = "1,2";
				TEST_HOST = "$(BUILT_PRODUCTS_DIR)/MyToyota.app/MyToyota";
			};
			name = Release;
		};
		AC6ACB6A1F895AC4007417F4 /* Debug */ = {
			isa = XCBuildConfiguration;
			buildSettings = {
				ALWAYS_EMBED_SWIFT_STANDARD_LIBRARIES = YES;
				CODE_SIGN_STYLE = Automatic;
				DEVELOPMENT_TEAM = W56AAY5GQU;
				INFOPLIST_FILE = MyToyotaUITests/Info.plist;
				LD_RUNPATH_SEARCH_PATHS = "$(inherited) @executable_path/Frameworks @loader_path/Frameworks";
				PRODUCT_BUNDLE_IDENTIFIER = beSmart.MyToyotaUITests;
				PRODUCT_NAME = "$(TARGET_NAME)";
				SWIFT_VERSION = 4.0;
				TARGETED_DEVICE_FAMILY = "1,2";
				TEST_TARGET_NAME = MyToyota;
			};
			name = Debug;
		};
		AC6ACB6B1F895AC4007417F4 /* Release */ = {
			isa = XCBuildConfiguration;
			buildSettings = {
				ALWAYS_EMBED_SWIFT_STANDARD_LIBRARIES = YES;
				CODE_SIGN_STYLE = Automatic;
				DEVELOPMENT_TEAM = W56AAY5GQU;
				INFOPLIST_FILE = MyToyotaUITests/Info.plist;
				LD_RUNPATH_SEARCH_PATHS = "$(inherited) @executable_path/Frameworks @loader_path/Frameworks";
				PRODUCT_BUNDLE_IDENTIFIER = beSmart.MyToyotaUITests;
				PRODUCT_NAME = "$(TARGET_NAME)";
				SWIFT_VERSION = 4.0;
				TARGETED_DEVICE_FAMILY = "1,2";
				TEST_TARGET_NAME = MyToyota;
			};
			name = Release;
		};
/* End XCBuildConfiguration section */

/* Begin XCConfigurationList section */
		AC6ACB361F895AC4007417F4 /* Build configuration list for PBXProject "MyToyota" */ = {
			isa = XCConfigurationList;
			buildConfigurations = (
				AC6ACB611F895AC4007417F4 /* Debug */,
				AC6ACB621F895AC4007417F4 /* Release */,
			);
			defaultConfigurationIsVisible = 0;
			defaultConfigurationName = Release;
		};
		AC6ACB631F895AC4007417F4 /* Build configuration list for PBXNativeTarget "MyToyota" */ = {
			isa = XCConfigurationList;
			buildConfigurations = (
				AC6ACB641F895AC4007417F4 /* Debug */,
				AC6ACB651F895AC4007417F4 /* Release */,
			);
			defaultConfigurationIsVisible = 0;
			defaultConfigurationName = Release;
		};
		AC6ACB661F895AC4007417F4 /* Build configuration list for PBXNativeTarget "MyToyotaTests" */ = {
			isa = XCConfigurationList;
			buildConfigurations = (
				AC6ACB671F895AC4007417F4 /* Debug */,
				AC6ACB681F895AC4007417F4 /* Release */,
			);
			defaultConfigurationIsVisible = 0;
			defaultConfigurationName = Release;
		};
		AC6ACB691F895AC4007417F4 /* Build configuration list for PBXNativeTarget "MyToyotaUITests" */ = {
			isa = XCConfigurationList;
			buildConfigurations = (
				AC6ACB6A1F895AC4007417F4 /* Debug */,
				AC6ACB6B1F895AC4007417F4 /* Release */,
			);
			defaultConfigurationIsVisible = 0;
			defaultConfigurationName = Release;
		};
/* End XCConfigurationList section */
	};
	rootObject = AC6ACB331F895AC4007417F4 /* Project object */;
}
